// !$*UTF8*$!
{
	archiveVersion = 1;
	classes = {
	};
	objectVersion = 50;
	objects = {

/* Begin PBXBuildFile section */
		9A63690224D56FE200B8579B /* UserInfoViewController.m in Sources */ = {isa = PBXBuildFile; fileRef = 9A63690024D56FE200B8579B /* UserInfoViewController.m */; };
		9A63690324D56FE200B8579B /* UserInfoViewController.xib in Resources */ = {isa = PBXBuildFile; fileRef = 9A63690124D56FE200B8579B /* UserInfoViewController.xib */; };
		9A63690D24D5A3DA00B8579B /* User+CoreDataClass.m in Sources */ = {isa = PBXBuildFile; fileRef = 9A63690B24D5A3DA00B8579B /* User+CoreDataClass.m */; };
		9A63690E24D5A3DA00B8579B /* User+CoreDataProperties.m in Sources */ = {isa = PBXBuildFile; fileRef = 9A63690C24D5A3DA00B8579B /* User+CoreDataProperties.m */; };
		9A63691224D5B3B400B8579B /* DataManager.m in Sources */ = {isa = PBXBuildFile; fileRef = 9A63691124D5B3B400B8579B /* DataManager.m */; };
		9A63691424D5BD0500B8579B /* AlcoApp.xcdatamodeld in Resources */ = {isa = PBXBuildFile; fileRef = 9A8E9A1324D569540033E1C4 /* AlcoApp.xcdatamodeld */; };
		9A8192A924D56E53005CE928 /* DrinkTypeViewController.m in Sources */ = {isa = PBXBuildFile; fileRef = 9A8192A724D56E53005CE928 /* DrinkTypeViewController.m */; };
		9A8192AA24D56E53005CE928 /* DrinkTypeViewController.xib in Resources */ = {isa = PBXBuildFile; fileRef = 9A8192A824D56E53005CE928 /* DrinkTypeViewController.xib */; };
		9A8192AF24D56EC5005CE928 /* GeneralInformationViewController.m in Sources */ = {isa = PBXBuildFile; fileRef = 9A8192AD24D56EC5005CE928 /* GeneralInformationViewController.m */; };
		9A8192B024D56EC5005CE928 /* GeneralInformationViewController.xib in Resources */ = {isa = PBXBuildFile; fileRef = 9A8192AE24D56EC5005CE928 /* GeneralInformationViewController.xib */; };
		9A8192B524D56F09005CE928 /* DrinkDetailedInfoViewController.m in Sources */ = {isa = PBXBuildFile; fileRef = 9A8192B324D56F09005CE928 /* DrinkDetailedInfoViewController.m */; };
		9A8192B624D56F09005CE928 /* DrinkDetailedInfoViewController.xib in Resources */ = {isa = PBXBuildFile; fileRef = 9A8192B424D56F09005CE928 /* DrinkDetailedInfoViewController.xib */; };
		9A8E9A0924D569540033E1C4 /* AppDelegate.m in Sources */ = {isa = PBXBuildFile; fileRef = 9A8E9A0824D569540033E1C4 /* AppDelegate.m */; };
		9A8E9A0F24D569540033E1C4 /* ViewController.m in Sources */ = {isa = PBXBuildFile; fileRef = 9A8E9A0E24D569540033E1C4 /* ViewController.m */; };
		9A8E9A1724D569570033E1C4 /* Assets.xcassets in Resources */ = {isa = PBXBuildFile; fileRef = 9A8E9A1624D569570033E1C4 /* Assets.xcassets */; };
		9A8E9A1D24D569570033E1C4 /* main.m in Sources */ = {isa = PBXBuildFile; fileRef = 9A8E9A1C24D569570033E1C4 /* main.m */; };
		9A8E9A4E24D56BA00033E1C4 /* StartViewController.m in Sources */ = {isa = PBXBuildFile; fileRef = 9A8E9A4C24D56BA00033E1C4 /* StartViewController.m */; };
		9A8E9A4F24D56BA00033E1C4 /* StartViewController.xib in Resources */ = {isa = PBXBuildFile; fileRef = 9A8E9A4D24D56BA00033E1C4 /* StartViewController.xib */; };
/* End PBXBuildFile section */

/* Begin PBXFileReference section */
		9A6368FF24D56FE200B8579B /* UserInfoViewController.h */ = {isa = PBXFileReference; lastKnownFileType = sourcecode.c.h; path = UserInfoViewController.h; sourceTree = "<group>"; };
		9A63690024D56FE200B8579B /* UserInfoViewController.m */ = {isa = PBXFileReference; lastKnownFileType = sourcecode.c.objc; path = UserInfoViewController.m; sourceTree = "<group>"; };
		9A63690124D56FE200B8579B /* UserInfoViewController.xib */ = {isa = PBXFileReference; lastKnownFileType = file.xib; path = UserInfoViewController.xib; sourceTree = "<group>"; };
		9A63690924D5A3DA00B8579B /* User+CoreDataProperties.h */ = {isa = PBXFileReference; lastKnownFileType = sourcecode.c.h; path = "User+CoreDataProperties.h"; sourceTree = "<group>"; };
		9A63690A24D5A3DA00B8579B /* User+CoreDataClass.h */ = {isa = PBXFileReference; lastKnownFileType = sourcecode.c.h; path = "User+CoreDataClass.h"; sourceTree = "<group>"; };
		9A63690B24D5A3DA00B8579B /* User+CoreDataClass.m */ = {isa = PBXFileReference; lastKnownFileType = sourcecode.c.objc; path = "User+CoreDataClass.m"; sourceTree = "<group>"; };
		9A63690C24D5A3DA00B8579B /* User+CoreDataProperties.m */ = {isa = PBXFileReference; lastKnownFileType = sourcecode.c.objc; path = "User+CoreDataProperties.m"; sourceTree = "<group>"; };
		9A63691024D5B3B400B8579B /* DataManager.h */ = {isa = PBXFileReference; lastKnownFileType = sourcecode.c.h; path = DataManager.h; sourceTree = "<group>"; };
		9A63691124D5B3B400B8579B /* DataManager.m */ = {isa = PBXFileReference; lastKnownFileType = sourcecode.c.objc; path = DataManager.m; sourceTree = "<group>"; };
		9A8192A624D56E53005CE928 /* DrinkTypeViewController.h */ = {isa = PBXFileReference; lastKnownFileType = sourcecode.c.h; path = DrinkTypeViewController.h; sourceTree = "<group>"; };
		9A8192A724D56E53005CE928 /* DrinkTypeViewController.m */ = {isa = PBXFileReference; lastKnownFileType = sourcecode.c.objc; path = DrinkTypeViewController.m; sourceTree = "<group>"; };
		9A8192A824D56E53005CE928 /* DrinkTypeViewController.xib */ = {isa = PBXFileReference; lastKnownFileType = file.xib; path = DrinkTypeViewController.xib; sourceTree = "<group>"; };
		9A8192AC24D56EC5005CE928 /* GeneralInformationViewController.h */ = {isa = PBXFileReference; lastKnownFileType = sourcecode.c.h; path = GeneralInformationViewController.h; sourceTree = "<group>"; };
		9A8192AD24D56EC5005CE928 /* GeneralInformationViewController.m */ = {isa = PBXFileReference; lastKnownFileType = sourcecode.c.objc; path = GeneralInformationViewController.m; sourceTree = "<group>"; };
		9A8192AE24D56EC5005CE928 /* GeneralInformationViewController.xib */ = {isa = PBXFileReference; lastKnownFileType = file.xib; path = GeneralInformationViewController.xib; sourceTree = "<group>"; };
		9A8192B224D56F09005CE928 /* DrinkDetailedInfoViewController.h */ = {isa = PBXFileReference; lastKnownFileType = sourcecode.c.h; path = DrinkDetailedInfoViewController.h; sourceTree = "<group>"; };
		9A8192B324D56F09005CE928 /* DrinkDetailedInfoViewController.m */ = {isa = PBXFileReference; lastKnownFileType = sourcecode.c.objc; path = DrinkDetailedInfoViewController.m; sourceTree = "<group>"; };
		9A8192B424D56F09005CE928 /* DrinkDetailedInfoViewController.xib */ = {isa = PBXFileReference; lastKnownFileType = file.xib; path = DrinkDetailedInfoViewController.xib; sourceTree = "<group>"; };
		9A8E9A0424D569540033E1C4 /* AlcoApp.app */ = {isa = PBXFileReference; explicitFileType = wrapper.application; includeInIndex = 0; path = AlcoApp.app; sourceTree = BUILT_PRODUCTS_DIR; };
		9A8E9A0724D569540033E1C4 /* AppDelegate.h */ = {isa = PBXFileReference; lastKnownFileType = sourcecode.c.h; path = AppDelegate.h; sourceTree = "<group>"; };
		9A8E9A0824D569540033E1C4 /* AppDelegate.m */ = {isa = PBXFileReference; lastKnownFileType = sourcecode.c.objc; path = AppDelegate.m; sourceTree = "<group>"; };
		9A8E9A0D24D569540033E1C4 /* ViewController.h */ = {isa = PBXFileReference; lastKnownFileType = sourcecode.c.h; path = ViewController.h; sourceTree = "<group>"; };
		9A8E9A0E24D569540033E1C4 /* ViewController.m */ = {isa = PBXFileReference; lastKnownFileType = sourcecode.c.objc; path = ViewController.m; sourceTree = "<group>"; };
		9A8E9A1124D569540033E1C4 /* Base */ = {isa = PBXFileReference; lastKnownFileType = file.storyboard; name = Base; path = Base.lproj/Main.storyboard; sourceTree = "<group>"; };
		9A8E9A1424D569540033E1C4 /* AlcoApp.xcdatamodel */ = {isa = PBXFileReference; lastKnownFileType = wrapper.xcdatamodel; path = AlcoApp.xcdatamodel; sourceTree = "<group>"; };
		9A8E9A1624D569570033E1C4 /* Assets.xcassets */ = {isa = PBXFileReference; lastKnownFileType = folder.assetcatalog; path = Assets.xcassets; sourceTree = "<group>"; };
		9A8E9A1B24D569570033E1C4 /* Info.plist */ = {isa = PBXFileReference; lastKnownFileType = text.plist.xml; path = Info.plist; sourceTree = "<group>"; };
		9A8E9A1C24D569570033E1C4 /* main.m */ = {isa = PBXFileReference; lastKnownFileType = sourcecode.c.objc; path = main.m; sourceTree = "<group>"; };
		9A8E9A4B24D56BA00033E1C4 /* StartViewController.h */ = {isa = PBXFileReference; lastKnownFileType = sourcecode.c.h; path = StartViewController.h; sourceTree = "<group>"; };
		9A8E9A4C24D56BA00033E1C4 /* StartViewController.m */ = {isa = PBXFileReference; lastKnownFileType = sourcecode.c.objc; path = StartViewController.m; sourceTree = "<group>"; };
		9A8E9A4D24D56BA00033E1C4 /* StartViewController.xib */ = {isa = PBXFileReference; lastKnownFileType = file.xib; path = StartViewController.xib; sourceTree = "<group>"; };
/* End PBXFileReference section */

/* Begin PBXFrameworksBuildPhase section */
		9A8E9A0124D569540033E1C4 /* Frameworks */ = {
			isa = PBXFrameworksBuildPhase;
			buildActionMask = 2147483647;
			files = (
			);
			runOnlyForDeploymentPostprocessing = 0;
		};
/* End PBXFrameworksBuildPhase section */

/* Begin PBXGroup section */
		9A63690F24D5A3FA00B8579B /* Models */ = {
			isa = PBXGroup;
			children = (
				9A63690924D5A3DA00B8579B /* User+CoreDataProperties.h */,
				9A63690A24D5A3DA00B8579B /* User+CoreDataClass.h */,
				9A63690B24D5A3DA00B8579B /* User+CoreDataClass.m */,
				9A63690C24D5A3DA00B8579B /* User+CoreDataProperties.m */,
			);
			path = Models;
			sourceTree = "<group>";
		};
		9A8192A524D56D74005CE928 /* UserInfoViewController */ = {
			isa = PBXGroup;
			children = (
				9A6368FF24D56FE200B8579B /* UserInfoViewController.h */,
				9A63690024D56FE200B8579B /* UserInfoViewController.m */,
				9A63690124D56FE200B8579B /* UserInfoViewController.xib */,
			);
			path = UserInfoViewController;
			sourceTree = "<group>";
		};
		9A8192AB24D56E58005CE928 /* DrinkTypeViewController */ = {
			isa = PBXGroup;
			children = (
				9A8192A624D56E53005CE928 /* DrinkTypeViewController.h */,
				9A8192A724D56E53005CE928 /* DrinkTypeViewController.m */,
				9A8192A824D56E53005CE928 /* DrinkTypeViewController.xib */,
			);
			path = DrinkTypeViewController;
			sourceTree = "<group>";
		};
		9A8192B124D56EC8005CE928 /* GeneralInformationViewController */ = {
			isa = PBXGroup;
			children = (
				9A8192AC24D56EC5005CE928 /* GeneralInformationViewController.h */,
				9A8192AD24D56EC5005CE928 /* GeneralInformationViewController.m */,
				9A8192AE24D56EC5005CE928 /* GeneralInformationViewController.xib */,
			);
			path = GeneralInformationViewController;
			sourceTree = "<group>";
		};
		9A8192B724D56F0D005CE928 /* DrinkDetailedInfoViewController */ = {
			isa = PBXGroup;
			children = (
				9A8192B224D56F09005CE928 /* DrinkDetailedInfoViewController.h */,
				9A8192B324D56F09005CE928 /* DrinkDetailedInfoViewController.m */,
				9A8192B424D56F09005CE928 /* DrinkDetailedInfoViewController.xib */,
			);
			path = DrinkDetailedInfoViewController;
			sourceTree = "<group>";
		};
		9A8E99FB24D569540033E1C4 = {
			isa = PBXGroup;
			children = (
				9A8E9A0624D569540033E1C4 /* AlcoApp */,
				9A8E9A0524D569540033E1C4 /* Products */,
			);
			sourceTree = "<group>";
		};
		9A8E9A0524D569540033E1C4 /* Products */ = {
			isa = PBXGroup;
			children = (
				9A8E9A0424D569540033E1C4 /* AlcoApp.app */,
			);
			name = Products;
			sourceTree = "<group>";
		};
		9A8E9A0624D569540033E1C4 /* AlcoApp */ = {
			isa = PBXGroup;
			children = (
				9A8E9A0724D569540033E1C4 /* AppDelegate.h */,
				9A8E9A0824D569540033E1C4 /* AppDelegate.m */,
				9A8E9A5024D56BA40033E1C4 /* ViewControllers */,
				9A63690F24D5A3FA00B8579B /* Models */,
				9A8E9A0D24D569540033E1C4 /* ViewController.h */,
				9A8E9A0E24D569540033E1C4 /* ViewController.m */,
				9A8E9A1024D569540033E1C4 /* Main.storyboard */,
				9A8E9A1624D569570033E1C4 /* Assets.xcassets */,
				9A8E9A1B24D569570033E1C4 /* Info.plist */,
				9A8E9A1C24D569570033E1C4 /* main.m */,
				9A8E9A1324D569540033E1C4 /* AlcoApp.xcdatamodeld */,
				9A63691024D5B3B400B8579B /* DataManager.h */,
				9A63691124D5B3B400B8579B /* DataManager.m */,
			);
			path = AlcoApp;
			sourceTree = "<group>";
		};
		9A8E9A5024D56BA40033E1C4 /* ViewControllers */ = {
			isa = PBXGroup;
			children = (
				9A8E9A5124D56BAD0033E1C4 /* StartViewController */,
				9A8192B124D56EC8005CE928 /* GeneralInformationViewController */,
				9A8192AB24D56E58005CE928 /* DrinkTypeViewController */,
				9A8192B724D56F0D005CE928 /* DrinkDetailedInfoViewController */,
				9A8192A524D56D74005CE928 /* UserInfoViewController */,
			);
			path = ViewControllers;
			sourceTree = "<group>";
		};
		9A8E9A5124D56BAD0033E1C4 /* StartViewController */ = {
			isa = PBXGroup;
			children = (
				9A8E9A4B24D56BA00033E1C4 /* StartViewController.h */,
				9A8E9A4C24D56BA00033E1C4 /* StartViewController.m */,
				9A8E9A4D24D56BA00033E1C4 /* StartViewController.xib */,
			);
			path = StartViewController;
			sourceTree = "<group>";
		};
/* End PBXGroup section */

/* Begin PBXNativeTarget section */
		9A8E9A0324D569540033E1C4 /* AlcoApp */ = {
			isa = PBXNativeTarget;
			buildConfigurationList = 9A8E9A2024D569570033E1C4 /* Build configuration list for PBXNativeTarget "AlcoApp" */;
			buildPhases = (
				9A8E9A0024D569540033E1C4 /* Sources */,
				9A8E9A0124D569540033E1C4 /* Frameworks */,
				9A8E9A0224D569540033E1C4 /* Resources */,
			);
			buildRules = (
			);
			dependencies = (
			);
			name = AlcoApp;
			productName = AlcoApp;
			productReference = 9A8E9A0424D569540033E1C4 /* AlcoApp.app */;
			productType = "com.apple.product-type.application";
		};
/* End PBXNativeTarget section */

/* Begin PBXProject section */
		9A8E99FC24D569540033E1C4 /* Project object */ = {
			isa = PBXProject;
			attributes = {
				LastUpgradeCheck = 1150;
				ORGANIZATIONNAME = Karina;
				TargetAttributes = {
					9A8E9A0324D569540033E1C4 = {
						CreatedOnToolsVersion = 11.5;
					};
				};
			};
			buildConfigurationList = 9A8E99FF24D569540033E1C4 /* Build configuration list for PBXProject "AlcoApp" */;
			compatibilityVersion = "Xcode 9.3";
			developmentRegion = en;
			hasScannedForEncodings = 0;
			knownRegions = (
				en,
				Base,
			);
			mainGroup = 9A8E99FB24D569540033E1C4;
			productRefGroup = 9A8E9A0524D569540033E1C4 /* Products */;
			projectDirPath = "";
			projectRoot = "";
			targets = (
				9A8E9A0324D569540033E1C4 /* AlcoApp */,
			);
		};
/* End PBXProject section */

/* Begin PBXResourcesBuildPhase section */
		9A8E9A0224D569540033E1C4 /* Resources */ = {
			isa = PBXResourcesBuildPhase;
			buildActionMask = 2147483647;
			files = (
				9A8E9A1724D569570033E1C4 /* Assets.xcassets in Resources */,
				9A63691424D5BD0500B8579B /* AlcoApp.xcdatamodeld in Resources */,
				9A8192B624D56F09005CE928 /* DrinkDetailedInfoViewController.xib in Resources */,
				9A8192AA24D56E53005CE928 /* DrinkTypeViewController.xib in Resources */,
				9A8192B024D56EC5005CE928 /* GeneralInformationViewController.xib in Resources */,
				9A63690324D56FE200B8579B /* UserInfoViewController.xib in Resources */,
				9A8E9A4F24D56BA00033E1C4 /* StartViewController.xib in Resources */,
			);
			runOnlyForDeploymentPostprocessing = 0;
		};
/* End PBXResourcesBuildPhase section */

/* Begin PBXSourcesBuildPhase section */
		9A8E9A0024D569540033E1C4 /* Sources */ = {
			isa = PBXSourcesBuildPhase;
			buildActionMask = 2147483647;
			files = (
				9A8192B524D56F09005CE928 /* DrinkDetailedInfoViewController.m in Sources */,
				9A63691224D5B3B400B8579B /* DataManager.m in Sources */,
				9A8192AF24D56EC5005CE928 /* GeneralInformationViewController.m in Sources */,
				9A8E9A1D24D569570033E1C4 /* main.m in Sources */,
				9A8192A924D56E53005CE928 /* DrinkTypeViewController.m in Sources */,
				9A63690D24D5A3DA00B8579B /* User+CoreDataClass.m in Sources */,
				9A63690224D56FE200B8579B /* UserInfoViewController.m in Sources */,
				9A8E9A4E24D56BA00033E1C4 /* StartViewController.m in Sources */,
				9A8E9A0F24D569540033E1C4 /* ViewController.m in Sources */,
				9A8E9A0924D569540033E1C4 /* AppDelegate.m in Sources */,
				9A63690E24D5A3DA00B8579B /* User+CoreDataProperties.m in Sources */,
			);
			runOnlyForDeploymentPostprocessing = 0;
		};
/* End PBXSourcesBuildPhase section */

/* Begin PBXVariantGroup section */
		9A8E9A1024D569540033E1C4 /* Main.storyboard */ = {
			isa = PBXVariantGroup;
			children = (
				9A8E9A1124D569540033E1C4 /* Base */,
			);
			name = Main.storyboard;
			sourceTree = "<group>";
		};
/* End PBXVariantGroup section */

/* Begin XCBuildConfiguration section */
		9A8E9A1E24D569570033E1C4 /* Debug */ = {
			isa = XCBuildConfiguration;
			buildSettings = {
				ALWAYS_SEARCH_USER_PATHS = NO;
				CLANG_ANALYZER_NONNULL = YES;
				CLANG_ANALYZER_NUMBER_OBJECT_CONVERSION = YES_AGGRESSIVE;
				CLANG_CXX_LANGUAGE_STANDARD = "gnu++14";
				CLANG_CXX_LIBRARY = "libc++";
				CLANG_ENABLE_MODULES = YES;
				CLANG_ENABLE_OBJC_ARC = YES;
				CLANG_ENABLE_OBJC_WEAK = YES;
				CLANG_WARN_BLOCK_CAPTURE_AUTORELEASING = YES;
				CLANG_WARN_BOOL_CONVERSION = YES;
				CLANG_WARN_COMMA = YES;
				CLANG_WARN_CONSTANT_CONVERSION = YES;
				CLANG_WARN_DEPRECATED_OBJC_IMPLEMENTATIONS = YES;
				CLANG_WARN_DIRECT_OBJC_ISA_USAGE = YES_ERROR;
				CLANG_WARN_DOCUMENTATION_COMMENTS = YES;
				CLANG_WARN_EMPTY_BODY = YES;
				CLANG_WARN_ENUM_CONVERSION = YES;
				CLANG_WARN_INFINITE_RECURSION = YES;
				CLANG_WARN_INT_CONVERSION = YES;
				CLANG_WARN_NON_LITERAL_NULL_CONVERSION = YES;
				CLANG_WARN_OBJC_IMPLICIT_RETAIN_SELF = YES;
				CLANG_WARN_OBJC_LITERAL_CONVERSION = YES;
				CLANG_WARN_OBJC_ROOT_CLASS = YES_ERROR;
				CLANG_WARN_RANGE_LOOP_ANALYSIS = YES;
				CLANG_WARN_STRICT_PROTOTYPES = YES;
				CLANG_WARN_SUSPICIOUS_MOVE = YES;
				CLANG_WARN_UNGUARDED_AVAILABILITY = YES_AGGRESSIVE;
				CLANG_WARN_UNREACHABLE_CODE = YES;
				CLANG_WARN__DUPLICATE_METHOD_MATCH = YES;
				COPY_PHASE_STRIP = NO;
				DEBUG_INFORMATION_FORMAT = dwarf;
				ENABLE_STRICT_OBJC_MSGSEND = YES;
				ENABLE_TESTABILITY = YES;
				GCC_C_LANGUAGE_STANDARD = gnu11;
				GCC_DYNAMIC_NO_PIC = NO;
				GCC_NO_COMMON_BLOCKS = YES;
				GCC_OPTIMIZATION_LEVEL = 0;
				GCC_PREPROCESSOR_DEFINITIONS = (
					"DEBUG=1",
					"$(inherited)",
				);
				GCC_WARN_64_TO_32_BIT_CONVERSION = YES;
				GCC_WARN_ABOUT_RETURN_TYPE = YES_ERROR;
				GCC_WARN_UNDECLARED_SELECTOR = YES;
				GCC_WARN_UNINITIALIZED_AUTOS = YES_AGGRESSIVE;
				GCC_WARN_UNUSED_FUNCTION = YES;
				GCC_WARN_UNUSED_VARIABLE = YES;
				IPHONEOS_DEPLOYMENT_TARGET = 13.5;
				MTL_ENABLE_DEBUG_INFO = INCLUDE_SOURCE;
				MTL_FAST_MATH = YES;
				ONLY_ACTIVE_ARCH = YES;
				SDKROOT = iphoneos;
			};
			name = Debug;
		};
		9A8E9A1F24D569570033E1C4 /* Release */ = {
			isa = XCBuildConfiguration;
			buildSettings = {
				ALWAYS_SEARCH_USER_PATHS = NO;
				CLANG_ANALYZER_NONNULL = YES;
				CLANG_ANALYZER_NUMBER_OBJECT_CONVERSION = YES_AGGRESSIVE;
				CLANG_CXX_LANGUAGE_STANDARD = "gnu++14";
				CLANG_CXX_LIBRARY = "libc++";
				CLANG_ENABLE_MODULES = YES;
				CLANG_ENABLE_OBJC_ARC = YES;
				CLANG_ENABLE_OBJC_WEAK = YES;
				CLANG_WARN_BLOCK_CAPTURE_AUTORELEASING = YES;
				CLANG_WARN_BOOL_CONVERSION = YES;
				CLANG_WARN_COMMA = YES;
				CLANG_WARN_CONSTANT_CONVERSION = YES;
				CLANG_WARN_DEPRECATED_OBJC_IMPLEMENTATIONS = YES;
				CLANG_WARN_DIRECT_OBJC_ISA_USAGE = YES_ERROR;
				CLANG_WARN_DOCUMENTATION_COMMENTS = YES;
				CLANG_WARN_EMPTY_BODY = YES;
				CLANG_WARN_ENUM_CONVERSION = YES;
				CLANG_WARN_INFINITE_RECURSION = YES;
				CLANG_WARN_INT_CONVERSION = YES;
				CLANG_WARN_NON_LITERAL_NULL_CONVERSION = YES;
				CLANG_WARN_OBJC_IMPLICIT_RETAIN_SELF = YES;
				CLANG_WARN_OBJC_LITERAL_CONVERSION = YES;
				CLANG_WARN_OBJC_ROOT_CLASS = YES_ERROR;
				CLANG_WARN_RANGE_LOOP_ANALYSIS = YES;
				CLANG_WARN_STRICT_PROTOTYPES = YES;
				CLANG_WARN_SUSPICIOUS_MOVE = YES;
				CLANG_WARN_UNGUARDED_AVAILABILITY = YES_AGGRESSIVE;
				CLANG_WARN_UNREACHABLE_CODE = YES;
				CLANG_WARN__DUPLICATE_METHOD_MATCH = YES;
				COPY_PHASE_STRIP = NO;
				DEBUG_INFORMATION_FORMAT = "dwarf-with-dsym";
				ENABLE_NS_ASSERTIONS = NO;
				ENABLE_STRICT_OBJC_MSGSEND = YES;
				GCC_C_LANGUAGE_STANDARD = gnu11;
				GCC_NO_COMMON_BLOCKS = YES;
				GCC_WARN_64_TO_32_BIT_CONVERSION = YES;
				GCC_WARN_ABOUT_RETURN_TYPE = YES_ERROR;
				GCC_WARN_UNDECLARED_SELECTOR = YES;
				GCC_WARN_UNINITIALIZED_AUTOS = YES_AGGRESSIVE;
				GCC_WARN_UNUSED_FUNCTION = YES;
				GCC_WARN_UNUSED_VARIABLE = YES;
				IPHONEOS_DEPLOYMENT_TARGET = 13.5;
				MTL_ENABLE_DEBUG_INFO = NO;
				MTL_FAST_MATH = YES;
				SDKROOT = iphoneos;
				VALIDATE_PRODUCT = YES;
			};
			name = Release;
		};
		9A8E9A2124D569570033E1C4 /* Debug */ = {
			isa = XCBuildConfiguration;
			buildSettings = {
				ASSETCATALOG_COMPILER_APPICON_NAME = AppIcon;
				CODE_SIGN_STYLE = Automatic;
				DEVELOPMENT_TEAM = 84DXJF9WZG;
				INFOPLIST_FILE = AlcoApp/Info.plist;
				IPHONEOS_DEPLOYMENT_TARGET = 11.0;
				LD_RUNPATH_SEARCH_PATHS = (
					"$(inherited)",
					"@executable_path/Frameworks",
				);
				PRODUCT_BUNDLE_IDENTIFIER = com.demo.test.AlcoApp;
				PRODUCT_NAME = "$(TARGET_NAME)";
				TARGETED_DEVICE_FAMILY = "1,2";
			};
			name = Debug;
		};
		9A8E9A2224D569570033E1C4 /* Release */ = {
			isa = XCBuildConfiguration;
			buildSettings = {
				ASSETCATALOG_COMPILER_APPICON_NAME = AppIcon;
				CODE_SIGN_STYLE = Automatic;
				DEVELOPMENT_TEAM = 84DXJF9WZG;
				INFOPLIST_FILE = AlcoApp/Info.plist;
				IPHONEOS_DEPLOYMENT_TARGET = 11.0;
				LD_RUNPATH_SEARCH_PATHS = (
					"$(inherited)",
					"@executable_path/Frameworks",
				);
				PRODUCT_BUNDLE_IDENTIFIER = com.demo.test.AlcoApp;
				PRODUCT_NAME = "$(TARGET_NAME)";
				TARGETED_DEVICE_FAMILY = "1,2";
			};
			name = Release;
		};
/* End XCBuildConfiguration section */

/* Begin XCConfigurationList section */
		9A8E99FF24D569540033E1C4 /* Build configuration list for PBXProject "AlcoApp" */ = {
			isa = XCConfigurationList;
			buildConfigurations = (
				9A8E9A1E24D569570033E1C4 /* Debug */,
				9A8E9A1F24D569570033E1C4 /* Release */,
			);
			defaultConfigurationIsVisible = 0;
			defaultConfigurationName = Release;
		};
		9A8E9A2024D569570033E1C4 /* Build configuration list for PBXNativeTarget "AlcoApp" */ = {
			isa = XCConfigurationList;
			buildConfigurations = (
				9A8E9A2124D569570033E1C4 /* Debug */,
				9A8E9A2224D569570033E1C4 /* Release */,
			);
			defaultConfigurationIsVisible = 0;
			defaultConfigurationName = Release;
		};
/* End XCConfigurationList section */

/* Begin XCVersionGroup section */
		9A8E9A1324D569540033E1C4 /* AlcoApp.xcdatamodeld */ = {
			isa = XCVersionGroup;
			children = (
				9A8E9A1424D569540033E1C4 /* AlcoApp.xcdatamodel */,
			);
			currentVersion = 9A8E9A1424D569540033E1C4 /* AlcoApp.xcdatamodel */;
			path = AlcoApp.xcdatamodeld;
			sourceTree = "<group>";
			versionGroupType = wrapper.xcdatamodel;
		};
/* End XCVersionGroup section */
	};
	rootObject = 9A8E99FC24D569540033E1C4 /* Project object */;
}
